// !$*UTF8*$!
{
	archiveVersion = 1;
	classes = {
	};
	objectVersion = 48;
	objects = {

/* Begin PBXBuildFile section */
		0C752D631FA1FA60003BF66F /* ViewController.swift in Sources */ = {isa = PBXBuildFile; fileRef = 0C752D621FA1FA60003BF66F /* ViewController.swift */; };
		0C752D651FA26294003BF66F /* SeboViewPlayerSlidesView.swift in Sources */ = {isa = PBXBuildFile; fileRef = 0C752D641FA26294003BF66F /* SeboViewPlayerSlidesView.swift */; };
		0C752D671FA262A4003BF66F /* SeboViewPlayerSlidesView.xib in Resources */ = {isa = PBXBuildFile; fileRef = 0C752D661FA262A4003BF66F /* SeboViewPlayerSlidesView.xib */; };
		0CF532CF1FA132A600D564A3 /* Assets.xcassets in Resources */ = {isa = PBXBuildFile; fileRef = 0CF532CE1FA132A600D564A3 /* Assets.xcassets */; };
		0CF532D21FA132A600D564A3 /* LaunchScreen.storyboard in Resources */ = {isa = PBXBuildFile; fileRef = 0CF532D01FA132A600D564A3 /* LaunchScreen.storyboard */; };
		0CF532DD1FA1330600D564A3 /* AppDelegate.swift in Sources */ = {isa = PBXBuildFile; fileRef = 0CF532DB1FA1330600D564A3 /* AppDelegate.swift */; };
		0CF532E51FA13BB300D564A3 /* SeboVideoPlayerViewController.swift in Sources */ = {isa = PBXBuildFile; fileRef = 0CF532E31FA13BB300D564A3 /* SeboVideoPlayerViewController.swift */; };
		0CF532E61FA13BB300D564A3 /* SeboVideoPlayerViewController.xib in Resources */ = {isa = PBXBuildFile; fileRef = 0CF532E41FA13BB300D564A3 /* SeboVideoPlayerViewController.xib */; };
		0CF532E91FA1D83900D564A3 /* synchronisation.json in Resources */ = {isa = PBXBuildFile; fileRef = 0CF532E81FA1D83900D564A3 /* synchronisation.json */; };
		0CF532EB1FA1EBEF00D564A3 /* SeboViewPlayerTimelineView.swift in Sources */ = {isa = PBXBuildFile; fileRef = 0CF532EA1FA1EBEF00D564A3 /* SeboViewPlayerTimelineView.swift */; };
		0CF532ED1FA1EBF600D564A3 /* SeboViewPlayerTimelineView.xib in Resources */ = {isa = PBXBuildFile; fileRef = 0CF532EC1FA1EBF600D564A3 /* SeboViewPlayerTimelineView.xib */; };
		27A724E261FE077666EE0753 /* Pods_SeboVideoPlayer.framework in Frameworks */ = {isa = PBXBuildFile; fileRef = 3CAF4148F501554F024C0220 /* Pods_SeboVideoPlayer.framework */; };
/* End PBXBuildFile section */

/* Begin PBXFileReference section */
		0C752D621FA1FA60003BF66F /* ViewController.swift */ = {isa = PBXFileReference; fileEncoding = 4; lastKnownFileType = sourcecode.swift; path = ViewController.swift; sourceTree = "<group>"; };
		0C752D641FA26294003BF66F /* SeboViewPlayerSlidesView.swift */ = {isa = PBXFileReference; lastKnownFileType = sourcecode.swift; path = SeboViewPlayerSlidesView.swift; sourceTree = "<group>"; };
		0C752D661FA262A4003BF66F /* SeboViewPlayerSlidesView.xib */ = {isa = PBXFileReference; lastKnownFileType = file.xib; path = SeboViewPlayerSlidesView.xib; sourceTree = "<group>"; };
		0CF532C41FA132A600D564A3 /* SeboVideoPlayer.app */ = {isa = PBXFileReference; explicitFileType = wrapper.application; includeInIndex = 0; path = SeboVideoPlayer.app; sourceTree = BUILT_PRODUCTS_DIR; };
		0CF532CE1FA132A600D564A3 /* Assets.xcassets */ = {isa = PBXFileReference; lastKnownFileType = folder.assetcatalog; path = Assets.xcassets; sourceTree = "<group>"; };
		0CF532D11FA132A600D564A3 /* Base */ = {isa = PBXFileReference; lastKnownFileType = file.storyboard; name = Base; path = Base.lproj/LaunchScreen.storyboard; sourceTree = "<group>"; };
		0CF532D31FA132A600D564A3 /* Info.plist */ = {isa = PBXFileReference; lastKnownFileType = text.plist.xml; path = Info.plist; sourceTree = "<group>"; };
		0CF532DB1FA1330600D564A3 /* AppDelegate.swift */ = {isa = PBXFileReference; fileEncoding = 4; lastKnownFileType = sourcecode.swift; path = AppDelegate.swift; sourceTree = "<group>"; };
		0CF532E31FA13BB300D564A3 /* SeboVideoPlayerViewController.swift */ = {isa = PBXFileReference; lastKnownFileType = sourcecode.swift; path = SeboVideoPlayerViewController.swift; sourceTree = "<group>"; };
		0CF532E41FA13BB300D564A3 /* SeboVideoPlayerViewController.xib */ = {isa = PBXFileReference; lastKnownFileType = file.xib; path = SeboVideoPlayerViewController.xib; sourceTree = "<group>"; };
		0CF532E81FA1D83900D564A3 /* synchronisation.json */ = {isa = PBXFileReference; fileEncoding = 4; lastKnownFileType = text.json; path = synchronisation.json; sourceTree = "<group>"; };
		0CF532EA1FA1EBEF00D564A3 /* SeboViewPlayerTimelineView.swift */ = {isa = PBXFileReference; lastKnownFileType = sourcecode.swift; path = SeboViewPlayerTimelineView.swift; sourceTree = "<group>"; };
		0CF532EC1FA1EBF600D564A3 /* SeboViewPlayerTimelineView.xib */ = {isa = PBXFileReference; lastKnownFileType = file.xib; path = SeboViewPlayerTimelineView.xib; sourceTree = "<group>"; };
		184C1B6ECF979D299CBF40D1 /* Pods-SeboVideoPlayer.release.xcconfig */ = {isa = PBXFileReference; includeInIndex = 1; lastKnownFileType = text.xcconfig; name = "Pods-SeboVideoPlayer.release.xcconfig"; path = "Pods/Target Support Files/Pods-SeboVideoPlayer/Pods-SeboVideoPlayer.release.xcconfig"; sourceTree = "<group>"; };
		2AE53F33B7B059E055618EB8 /* Pods-SeboVideoPlayer.debug.xcconfig */ = {isa = PBXFileReference; includeInIndex = 1; lastKnownFileType = text.xcconfig; name = "Pods-SeboVideoPlayer.debug.xcconfig"; path = "Pods/Target Support Files/Pods-SeboVideoPlayer/Pods-SeboVideoPlayer.debug.xcconfig"; sourceTree = "<group>"; };
		3CAF4148F501554F024C0220 /* Pods_SeboVideoPlayer.framework */ = {isa = PBXFileReference; explicitFileType = wrapper.framework; includeInIndex = 0; path = Pods_SeboVideoPlayer.framework; sourceTree = BUILT_PRODUCTS_DIR; };
/* End PBXFileReference section */

/* Begin PBXFrameworksBuildPhase section */
		0CF532C11FA132A600D564A3 /* Frameworks */ = {
			isa = PBXFrameworksBuildPhase;
			buildActionMask = 2147483647;
			files = (
				27A724E261FE077666EE0753 /* Pods_SeboVideoPlayer.framework in Frameworks */,
			);
			runOnlyForDeploymentPostprocessing = 0;
		};
/* End PBXFrameworksBuildPhase section */

/* Begin PBXGroup section */
		0CF532BB1FA132A600D564A3 = {
			isa = PBXGroup;
			children = (
				0CF532C61FA132A600D564A3 /* SeboVideoPlayer */,
				BFC5AB9C2219A10A02DCAAB7 /* Pods */,
				54ABF664FA946B5CE2CA545A /* Frameworks */,
			);
			sourceTree = "<group>";
		};
		0CF532C51FA132A600D564A3 /* Products */ = {
			isa = PBXGroup;
			children = (
				0CF532C41FA132A600D564A3 /* SeboVideoPlayer.app */,
			);
			name = Products;
			path = ..;
			sourceTree = "<group>";
		};
		0CF532C61FA132A600D564A3 /* SeboVideoPlayer */ = {
			isa = PBXGroup;
			children = (
				0CF532E81FA1D83900D564A3 /* synchronisation.json */,
				0CF532DA1FA1330600D564A3 /* Application */,
				0CF532DC1FA1330600D564A3 /* Classes */,
				0CF532D91FA1330600D564A3 /* Libraries */,
				0CF532CE1FA132A600D564A3 /* Assets.xcassets */,
				0CF532D01FA132A600D564A3 /* LaunchScreen.storyboard */,
				0CF532D31FA132A600D564A3 /* Info.plist */,
				0CF532C51FA132A600D564A3 /* Products */,
			);
			path = SeboVideoPlayer;
			sourceTree = "<group>";
		};
		0CF532D91FA1330600D564A3 /* Libraries */ = {
			isa = PBXGroup;
			children = (
				0CF532E21FA13B9000D564A3 /* SeboVideoPlayer */,
			);
			path = Libraries;
			sourceTree = "<group>";
		};
		0CF532DA1FA1330600D564A3 /* Application */ = {
			isa = PBXGroup;
			children = (
				0CF532DB1FA1330600D564A3 /* AppDelegate.swift */,
				0C752D621FA1FA60003BF66F /* ViewController.swift */,
			);
			path = Application;
			sourceTree = "<group>";
		};
		0CF532DC1FA1330600D564A3 /* Classes */ = {
			isa = PBXGroup;
			children = (
			);
			path = Classes;
			sourceTree = "<group>";
		};
		0CF532E21FA13B9000D564A3 /* SeboVideoPlayer */ = {
			isa = PBXGroup;
			children = (
				0CF532E31FA13BB300D564A3 /* SeboVideoPlayerViewController.swift */,
				0CF532E41FA13BB300D564A3 /* SeboVideoPlayerViewController.xib */,
				0CF532E71FA1D77500D564A3 /* Subviews */,
			);
			path = SeboVideoPlayer;
			sourceTree = "<group>";
		};
		0CF532E71FA1D77500D564A3 /* Subviews */ = {
			isa = PBXGroup;
			children = (
				0CF532EA1FA1EBEF00D564A3 /* SeboViewPlayerTimelineView.swift */,
				0CF532EC1FA1EBF600D564A3 /* SeboViewPlayerTimelineView.xib */,
				0C752D641FA26294003BF66F /* SeboViewPlayerSlidesView.swift */,
				0C752D661FA262A4003BF66F /* SeboViewPlayerSlidesView.xib */,
			);
			path = Subviews;
			sourceTree = "<group>";
		};
		54ABF664FA946B5CE2CA545A /* Frameworks */ = {
			isa = PBXGroup;
			children = (
				3CAF4148F501554F024C0220 /* Pods_SeboVideoPlayer.framework */,
			);
			name = Frameworks;
			sourceTree = "<group>";
		};
		BFC5AB9C2219A10A02DCAAB7 /* Pods */ = {
			isa = PBXGroup;
			children = (
				2AE53F33B7B059E055618EB8 /* Pods-SeboVideoPlayer.debug.xcconfig */,
				184C1B6ECF979D299CBF40D1 /* Pods-SeboVideoPlayer.release.xcconfig */,
			);
			name = Pods;
			sourceTree = "<group>";
		};
/* End PBXGroup section */

/* Begin PBXNativeTarget section */
		0CF532C31FA132A600D564A3 /* SeboVideoPlayer */ = {
			isa = PBXNativeTarget;
			buildConfigurationList = 0CF532D61FA132A600D564A3 /* Build configuration list for PBXNativeTarget "SeboVideoPlayer" */;
			buildPhases = (
				D306BD8F7ED9906115A667BD /* [CP] Check Pods Manifest.lock */,
				0CF532C01FA132A600D564A3 /* Sources */,
				0CF532C11FA132A600D564A3 /* Frameworks */,
				0CF532C21FA132A600D564A3 /* Resources */,
				8541DF2380EB0DE392795EE2 /* [CP] Embed Pods Frameworks */,
				B380EBC01CC0526447DD7AC5 /* [CP] Copy Pods Resources */,
			);
			buildRules = (
			);
			dependencies = (
			);
			name = SeboVideoPlayer;
			productName = SeboVideoPlayer;
			productReference = 0CF532C41FA132A600D564A3 /* SeboVideoPlayer.app */;
			productType = "com.apple.product-type.application";
		};
/* End PBXNativeTarget section */

/* Begin PBXProject section */
		0CF532BC1FA132A600D564A3 /* Project object */ = {
			isa = PBXProject;
			attributes = {
				LastSwiftUpdateCheck = 0900;
				LastUpgradeCheck = 0900;
				ORGANIZATIONNAME = "Luka Penger";
				TargetAttributes = {
					0CF532C31FA132A600D564A3 = {
						CreatedOnToolsVersion = 9.0.1;
						ProvisioningStyle = Automatic;
					};
				};
			};
			buildConfigurationList = 0CF532BF1FA132A600D564A3 /* Build configuration list for PBXProject "SeboVideoPlayer" */;
			compatibilityVersion = "Xcode 8.0";
			developmentRegion = en;
			hasScannedForEncodings = 0;
			knownRegions = (
				en,
				Base,
			);
			mainGroup = 0CF532BB1FA132A600D564A3;
			productRefGroup = 0CF532C51FA132A600D564A3 /* Products */;
			projectDirPath = "";
			projectRoot = "";
			targets = (
				0CF532C31FA132A600D564A3 /* SeboVideoPlayer */,
			);
		};
/* End PBXProject section */

/* Begin PBXResourcesBuildPhase section */
		0CF532C21FA132A600D564A3 /* Resources */ = {
			isa = PBXResourcesBuildPhase;
			buildActionMask = 2147483647;
			files = (
				0CF532D21FA132A600D564A3 /* LaunchScreen.storyboard in Resources */,
				0CF532E61FA13BB300D564A3 /* SeboVideoPlayerViewController.xib in Resources */,
				0CF532CF1FA132A600D564A3 /* Assets.xcassets in Resources */,
				0CF532ED1FA1EBF600D564A3 /* SeboViewPlayerTimelineView.xib in Resources */,
				0CF532E91FA1D83900D564A3 /* synchronisation.json in Resources */,
				0C752D671FA262A4003BF66F /* SeboViewPlayerSlidesView.xib in Resources */,
			);
			runOnlyForDeploymentPostprocessing = 0;
		};
/* End PBXResourcesBuildPhase section */

/* Begin PBXShellScriptBuildPhase section */
		8541DF2380EB0DE392795EE2 /* [CP] Embed Pods Frameworks */ = {
			isa = PBXShellScriptBuildPhase;
			buildActionMask = 2147483647;
			files = (
			);
			inputPaths = (
				"${SRCROOT}/Pods/Target Support Files/Pods-SeboVideoPlayer/Pods-SeboVideoPlayer-frameworks.sh",
				"${BUILT_PRODUCTS_DIR}/AFNetworking/AFNetworking.framework",
				"${BUILT_PRODUCTS_DIR}/JMMarkSliderSwift/JMMarkSliderSwift.framework",
				"${BUILT_PRODUCTS_DIR}/Player/Player.framework",
			);
			name = "[CP] Embed Pods Frameworks";
			outputPaths = (
				"${TARGET_BUILD_DIR}/${FRAMEWORKS_FOLDER_PATH}/AFNetworking.framework",
				"${TARGET_BUILD_DIR}/${FRAMEWORKS_FOLDER_PATH}/JMMarkSliderSwift.framework",
				"${TARGET_BUILD_DIR}/${FRAMEWORKS_FOLDER_PATH}/Player.framework",
			);
			runOnlyForDeploymentPostprocessing = 0;
			shellPath = /bin/sh;
			shellScript = "\"${SRCROOT}/Pods/Target Support Files/Pods-SeboVideoPlayer/Pods-SeboVideoPlayer-frameworks.sh\"\n";
			showEnvVarsInLog = 0;
		};
		B380EBC01CC0526447DD7AC5 /* [CP] Copy Pods Resources */ = {
			isa = PBXShellScriptBuildPhase;
			buildActionMask = 2147483647;
			files = (
			);
			inputPaths = (
			);
			name = "[CP] Copy Pods Resources";
			outputPaths = (
			);
			runOnlyForDeploymentPostprocessing = 0;
			shellPath = /bin/sh;
			shellScript = "\"${SRCROOT}/Pods/Target Support Files/Pods-SeboVideoPlayer/Pods-SeboVideoPlayer-resources.sh\"\n";
			showEnvVarsInLog = 0;
		};
		D306BD8F7ED9906115A667BD /* [CP] Check Pods Manifest.lock */ = {
			isa = PBXShellScriptBuildPhase;
			buildActionMask = 2147483647;
			files = (
			);
			inputPaths = (
				"${PODS_PODFILE_DIR_PATH}/Podfile.lock",
				"${PODS_ROOT}/Manifest.lock",
			);
			name = "[CP] Check Pods Manifest.lock";
			outputPaths = (
				"$(DERIVED_FILE_DIR)/Pods-SeboVideoPlayer-checkManifestLockResult.txt",
			);
			runOnlyForDeploymentPostprocessing = 0;
			shellPath = /bin/sh;
			shellScript = "diff \"${PODS_PODFILE_DIR_PATH}/Podfile.lock\" \"${PODS_ROOT}/Manifest.lock\" > /dev/null\nif [ $? != 0 ] ; then\n    # print error to STDERR\n    echo \"error: The sandbox is not in sync with the Podfile.lock. Run 'pod install' or update your CocoaPods installation.\" >&2\n    exit 1\nfi\n# This output is used by Xcode 'outputs' to avoid re-running this script phase.\necho \"SUCCESS\" > \"${SCRIPT_OUTPUT_FILE_0}\"\n";
			showEnvVarsInLog = 0;
		};
/* End PBXShellScriptBuildPhase section */

/* Begin PBXSourcesBuildPhase section */
		0CF532C01FA132A600D564A3 /* Sources */ = {
			isa = PBXSourcesBuildPhase;
			buildActionMask = 2147483647;
			files = (
				0CF532DD1FA1330600D564A3 /* AppDelegate.swift in Sources */,
				0CF532EB1FA1EBEF00D564A3 /* SeboViewPlayerTimelineView.swift in Sources */,
				0C752D631FA1FA60003BF66F /* ViewController.swift in Sources */,
				0C752D651FA26294003BF66F /* SeboViewPlayerSlidesView.swift in Sources */,
				0CF532E51FA13BB300D564A3 /* SeboVideoPlayerViewController.swift in Sources */,
			);
			runOnlyForDeploymentPostprocessing = 0;
		};
/* End PBXSourcesBuildPhase section */

/* Begin PBXVariantGroup section */
		0CF532D01FA132A600D564A3 /* LaunchScreen.storyboard */ = {
			isa = PBXVariantGroup;
			children = (
				0CF532D11FA132A600D564A3 /* Base */,
			);
			name = LaunchScreen.storyboard;
			sourceTree = "<group>";
		};
/* End PBXVariantGroup section */

/* Begin XCBuildConfiguration section */
		0CF532D41FA132A600D564A3 /* Debug */ = {
			isa = XCBuildConfiguration;
			buildSettings = {
				ALWAYS_SEARCH_USER_PATHS = NO;
				CLANG_ANALYZER_NONNULL = YES;
				CLANG_ANALYZER_NUMBER_OBJECT_CONVERSION = YES_AGGRESSIVE;
				CLANG_CXX_LANGUAGE_STANDARD = "gnu++14";
				CLANG_CXX_LIBRARY = "libc++";
				CLANG_ENABLE_MODULES = YES;
				CLANG_ENABLE_OBJC_ARC = YES;
				CLANG_WARN_BLOCK_CAPTURE_AUTORELEASING = YES;
				CLANG_WARN_BOOL_CONVERSION = YES;
				CLANG_WARN_COMMA = YES;
				CLANG_WARN_CONSTANT_CONVERSION = YES;
				CLANG_WARN_DIRECT_OBJC_ISA_USAGE = YES_ERROR;
				CLANG_WARN_DOCUMENTATION_COMMENTS = YES;
				CLANG_WARN_EMPTY_BODY = YES;
				CLANG_WARN_ENUM_CONVERSION = YES;
				CLANG_WARN_INFINITE_RECURSION = YES;
				CLANG_WARN_INT_CONVERSION = YES;
				CLANG_WARN_NON_LITERAL_NULL_CONVERSION = YES;
				CLANG_WARN_OBJC_LITERAL_CONVERSION = YES;
				CLANG_WARN_OBJC_ROOT_CLASS = YES_ERROR;
				CLANG_WARN_RANGE_LOOP_ANALYSIS = YES;
				CLANG_WARN_STRICT_PROTOTYPES = YES;
				CLANG_WARN_SUSPICIOUS_MOVE = YES;
				CLANG_WARN_UNGUARDED_AVAILABILITY = YES_AGGRESSIVE;
				CLANG_WARN_UNREACHABLE_CODE = YES;
				CLANG_WARN__DUPLICATE_METHOD_MATCH = YES;
				CODE_SIGN_IDENTITY = "iPhone Developer";
				COPY_PHASE_STRIP = NO;
				DEBUG_INFORMATION_FORMAT = dwarf;
				ENABLE_STRICT_OBJC_MSGSEND = YES;
				ENABLE_TESTABILITY = YES;
				GCC_C_LANGUAGE_STANDARD = gnu11;
				GCC_DYNAMIC_NO_PIC = NO;
				GCC_NO_COMMON_BLOCKS = YES;
				GCC_OPTIMIZATION_LEVEL = 0;
				GCC_PREPROCESSOR_DEFINITIONS = (
					"DEBUG=1",
					"$(inherited)",
				);
				GCC_WARN_64_TO_32_BIT_CONVERSION = YES;
				GCC_WARN_ABOUT_RETURN_TYPE = YES_ERROR;
				GCC_WARN_UNDECLARED_SELECTOR = YES;
				GCC_WARN_UNINITIALIZED_AUTOS = YES_AGGRESSIVE;
				GCC_WARN_UNUSED_FUNCTION = YES;
				GCC_WARN_UNUSED_VARIABLE = YES;
				IPHONEOS_DEPLOYMENT_TARGET = 11.0;
				MTL_ENABLE_DEBUG_INFO = YES;
				ONLY_ACTIVE_ARCH = YES;
				SDKROOT = iphoneos;
				SWIFT_ACTIVE_COMPILATION_CONDITIONS = DEBUG;
				SWIFT_OPTIMIZATION_LEVEL = "-Onone";
			};
			name = Debug;
		};
		0CF532D51FA132A600D564A3 /* Release */ = {
			isa = XCBuildConfiguration;
			buildSettings = {
				ALWAYS_SEARCH_USER_PATHS = NO;
				CLANG_ANALYZER_NONNULL = YES;
				CLANG_ANALYZER_NUMBER_OBJECT_CONVERSION = YES_AGGRESSIVE;
				CLANG_CXX_LANGUAGE_STANDARD = "gnu++14";
				CLANG_CXX_LIBRARY = "libc++";
				CLANG_ENABLE_MODULES = YES;
				CLANG_ENABLE_OBJC_ARC = YES;
				CLANG_WARN_BLOCK_CAPTURE_AUTORELEASING = YES;
				CLANG_WARN_BOOL_CONVERSION = YES;
				CLANG_WARN_COMMA = YES;
				CLANG_WARN_CONSTANT_CONVERSION = YES;
				CLANG_WARN_DIRECT_OBJC_ISA_USAGE = YES_ERROR;
				CLANG_WARN_DOCUMENTATION_COMMENTS = YES;
				CLANG_WARN_EMPTY_BODY = YES;
				CLANG_WARN_ENUM_CONVERSION = YES;
				CLANG_WARN_INFINITE_RECURSION = YES;
				CLANG_WARN_INT_CONVERSION = YES;
				CLANG_WARN_NON_LITERAL_NULL_CONVERSION = YES;
				CLANG_WARN_OBJC_LITERAL_CONVERSION = YES;
				CLANG_WARN_OBJC_ROOT_CLASS = YES_ERROR;
				CLANG_WARN_RANGE_LOOP_ANALYSIS = YES;
				CLANG_WARN_STRICT_PROTOTYPES = YES;
				CLANG_WARN_SUSPICIOUS_MOVE = YES;
				CLANG_WARN_UNGUARDED_AVAILABILITY = YES_AGGRESSIVE;
				CLANG_WARN_UNREACHABLE_CODE = YES;
				CLANG_WARN__DUPLICATE_METHOD_MATCH = YES;
				CODE_SIGN_IDENTITY = "iPhone Developer";
				COPY_PHASE_STRIP = NO;
				DEBUG_INFORMATION_FORMAT = "dwarf-with-dsym";
				ENABLE_NS_ASSERTIONS = NO;
				ENABLE_STRICT_OBJC_MSGSEND = YES;
				GCC_C_LANGUAGE_STANDARD = gnu11;
				GCC_NO_COMMON_BLOCKS = YES;
				GCC_WARN_64_TO_32_BIT_CONVERSION = YES;
				GCC_WARN_ABOUT_RETURN_TYPE = YES_ERROR;
				GCC_WARN_UNDECLARED_SELECTOR = YES;
				GCC_WARN_UNINITIALIZED_AUTOS = YES_AGGRESSIVE;
				GCC_WARN_UNUSED_FUNCTION = YES;
				GCC_WARN_UNUSED_VARIABLE = YES;
				IPHONEOS_DEPLOYMENT_TARGET = 11.0;
				MTL_ENABLE_DEBUG_INFO = NO;
				SDKROOT = iphoneos;
				SWIFT_OPTIMIZATION_LEVEL = "-Owholemodule";
				VALIDATE_PRODUCT = YES;
			};
			name = Release;
		};
		0CF532D71FA132A600D564A3 /* Debug */ = {
			isa = XCBuildConfiguration;
			baseConfigurationReference = 2AE53F33B7B059E055618EB8 /* Pods-SeboVideoPlayer.debug.xcconfig */;
			buildSettings = {
				ASSETCATALOG_COMPILER_APPICON_NAME = AppIcon;
				CODE_SIGN_STYLE = Automatic;
				DEVELOPMENT_TEAM = VD448M8BPE;
				INFOPLIST_FILE = SeboVideoPlayer/Info.plist;
				LD_RUNPATH_SEARCH_PATHS = "$(inherited) @executable_path/Frameworks";
				PRODUCT_BUNDLE_IDENTIFIER = com.lukapenger.SeboVideoPlayer;
				PRODUCT_NAME = "$(TARGET_NAME)";
				SWIFT_VERSION = 4.0;
				TARGETED_DEVICE_FAMILY = "1,2";
			};
			name = Debug;
		};
		0CF532D81FA132A600D564A3 /* Release */ = {
			isa = XCBuildConfiguration;
			baseConfigurationReference = 184C1B6ECF979D299CBF40D1 /* Pods-SeboVideoPlayer.release.xcconfig */;
			buildSettings = {
				ASSETCATALOG_COMPILER_APPICON_NAME = AppIcon;
				CODE_SIGN_STYLE = Automatic;
				DEVELOPMENT_TEAM = VD448M8BPE;
				INFOPLIST_FILE = SeboVideoPlayer/Info.plist;
				LD_RUNPATH_SEARCH_PATHS = "$(inherited) @executable_path/Frameworks";
				PRODUCT_BUNDLE_IDENTIFIER = com.lukapenger.SeboVideoPlayer;
				PRODUCT_NAME = "$(TARGET_NAME)";
				SWIFT_VERSION = 4.0;
				TARGETED_DEVICE_FAMILY = "1,2";
			};
			name = Release;
		};
/* End XCBuildConfiguration section */

/* Begin XCConfigurationList section */
		0CF532BF1FA132A600D564A3 /* Build configuration list for PBXProject "SeboVideoPlayer" */ = {
			isa = XCConfigurationList;
			buildConfigurations = (
				0CF532D41FA132A600D564A3 /* Debug */,
				0CF532D51FA132A600D564A3 /* Release */,
			);
			defaultConfigurationIsVisible = 0;
			defaultConfigurationName = Release;
		};
		0CF532D61FA132A600D564A3 /* Build configuration list for PBXNativeTarget "SeboVideoPlayer" */ = {
			isa = XCConfigurationList;
			buildConfigurations = (
				0CF532D71FA132A600D564A3 /* Debug */,
				0CF532D81FA132A600D564A3 /* Release */,
			);
			defaultConfigurationIsVisible = 0;
			defaultConfigurationName = Release;
		};
/* End XCConfigurationList section */
	};
	rootObject = 0CF532BC1FA132A600D564A3 /* Project object */;
}
